// !$*UTF8*$!
{
	archiveVersion = 1;
	classes = {
	};
	objectVersion = 50;
	objects = {

/* Begin PBXBuildFile section */
		752EB21B261E000C004A58AF /* CheckoutViewModel.swift in Sources */ = {isa = PBXBuildFile; fileRef = 752EB21A261E000C004A58AF /* CheckoutViewModel.swift */; };
		7565AEE7261CBFD900B9F52C /* CheckoutApp.swift in Sources */ = {isa = PBXBuildFile; fileRef = 7565AEE6261CBFD900B9F52C /* CheckoutApp.swift */; };
		7565AEE9261CBFD900B9F52C /* ContentView.swift in Sources */ = {isa = PBXBuildFile; fileRef = 7565AEE8261CBFD900B9F52C /* ContentView.swift */; };
		7565AEEB261CBFDB00B9F52C /* Assets.xcassets in Resources */ = {isa = PBXBuildFile; fileRef = 7565AEEA261CBFDB00B9F52C /* Assets.xcassets */; };
		7565AEEE261CBFDB00B9F52C /* Preview Assets.xcassets in Resources */ = {isa = PBXBuildFile; fileRef = 7565AEED261CBFDB00B9F52C /* Preview Assets.xcassets */; };
		7565AEF8261CE68F00B9F52C /* Gilroy-Regular.otf in Resources */ = {isa = PBXBuildFile; fileRef = 7565AEF7261CE68F00B9F52C /* Gilroy-Regular.otf */; };
		7565AEFB261CE71400B9F52C /* Gilroy-SemiBold.otf in Resources */ = {isa = PBXBuildFile; fileRef = 7565AEFA261CE71400B9F52C /* Gilroy-SemiBold.otf */; };
		7565AEFE261CE73400B9F52C /* Gilroy-Bold.otf in Resources */ = {isa = PBXBuildFile; fileRef = 7565AEFD261CE73400B9F52C /* Gilroy-Bold.otf */; };
		7565AF01261CE76900B9F52C /* Gilroy-Medium.otf in Resources */ = {isa = PBXBuildFile; fileRef = 7565AF00261CE76900B9F52C /* Gilroy-Medium.otf */; };
		7565AF05261CECB100B9F52C /* Confetti.swift in Sources */ = {isa = PBXBuildFile; fileRef = 7565AF04261CECB100B9F52C /* Confetti.swift */; };
		7565AF08261CECC100B9F52C /* ConfettiColors.swift in Sources */ = {isa = PBXBuildFile; fileRef = 7565AF07261CECC100B9F52C /* ConfettiColors.swift */; };
		7565AF0B261CED1E00B9F52C /* ConfettiView.swift in Sources */ = {isa = PBXBuildFile; fileRef = 7565AF0A261CED1E00B9F52C /* ConfettiView.swift */; };
		7565AF0F261CED5C00B9F52C /* Vector2D.swift in Sources */ = {isa = PBXBuildFile; fileRef = 7565AF0E261CED5C00B9F52C /* Vector2D.swift */; };
		7565AF12261CED6400B9F52C /* ConfettiSequinDriver.swift in Sources */ = {isa = PBXBuildFile; fileRef = 7565AF11261CED6400B9F52C /* ConfettiSequinDriver.swift */; };
		75946C07261E147200238414 /* LoadingView.swift in Sources */ = {isa = PBXBuildFile; fileRef = 75946C06261E147200238414 /* LoadingView.swift */; };
		75946C0B261E2ED300238414 /* Sequins.swift in Sources */ = {isa = PBXBuildFile; fileRef = 75946C0A261E2ED300238414 /* Sequins.swift */; };
		75A95EF2261E30A80055844C /* Particle.swift in Sources */ = {isa = PBXBuildFile; fileRef = 75A95EF1261E30A80055844C /* Particle.swift */; };
		75A95EF5261E32600055844C /* SequinView.swift in Sources */ = {isa = PBXBuildFile; fileRef = 75A95EF4261E32600055844C /* SequinView.swift */; };
/* End PBXBuildFile section */

/* Begin PBXFileReference section */
		752EB21A261E000C004A58AF /* CheckoutViewModel.swift */ = {isa = PBXFileReference; lastKnownFileType = sourcecode.swift; path = CheckoutViewModel.swift; sourceTree = "<group>"; };
		7565AEE3261CBFD900B9F52C /* Checkout.app */ = {isa = PBXFileReference; explicitFileType = wrapper.application; includeInIndex = 0; path = Checkout.app; sourceTree = BUILT_PRODUCTS_DIR; };
		7565AEE6261CBFD900B9F52C /* CheckoutApp.swift */ = {isa = PBXFileReference; lastKnownFileType = sourcecode.swift; path = CheckoutApp.swift; sourceTree = "<group>"; };
		7565AEE8261CBFD900B9F52C /* ContentView.swift */ = {isa = PBXFileReference; lastKnownFileType = sourcecode.swift; path = ContentView.swift; sourceTree = "<group>"; };
		7565AEEA261CBFDB00B9F52C /* Assets.xcassets */ = {isa = PBXFileReference; lastKnownFileType = folder.assetcatalog; path = Assets.xcassets; sourceTree = "<group>"; };
		7565AEED261CBFDB00B9F52C /* Preview Assets.xcassets */ = {isa = PBXFileReference; lastKnownFileType = folder.assetcatalog; path = "Preview Assets.xcassets"; sourceTree = "<group>"; };
		7565AEEF261CBFDB00B9F52C /* Info.plist */ = {isa = PBXFileReference; lastKnownFileType = text.plist.xml; path = Info.plist; sourceTree = "<group>"; };
		7565AEF7261CE68F00B9F52C /* Gilroy-Regular.otf */ = {isa = PBXFileReference; lastKnownFileType = file; path = "Gilroy-Regular.otf"; sourceTree = "<group>"; };
		7565AEFA261CE71400B9F52C /* Gilroy-SemiBold.otf */ = {isa = PBXFileReference; lastKnownFileType = file; path = "Gilroy-SemiBold.otf"; sourceTree = "<group>"; };
		7565AEFD261CE73400B9F52C /* Gilroy-Bold.otf */ = {isa = PBXFileReference; lastKnownFileType = file; path = "Gilroy-Bold.otf"; sourceTree = "<group>"; };
		7565AF00261CE76900B9F52C /* Gilroy-Medium.otf */ = {isa = PBXFileReference; lastKnownFileType = file; path = "Gilroy-Medium.otf"; sourceTree = "<group>"; };
		7565AF04261CECB100B9F52C /* Confetti.swift */ = {isa = PBXFileReference; fileEncoding = 4; lastKnownFileType = sourcecode.swift; path = Confetti.swift; sourceTree = "<group>"; };
		7565AF07261CECC100B9F52C /* ConfettiColors.swift */ = {isa = PBXFileReference; fileEncoding = 4; lastKnownFileType = sourcecode.swift; path = ConfettiColors.swift; sourceTree = "<group>"; };
		7565AF0A261CED1E00B9F52C /* ConfettiView.swift */ = {isa = PBXFileReference; fileEncoding = 4; lastKnownFileType = sourcecode.swift; path = ConfettiView.swift; sourceTree = "<group>"; };
		7565AF0E261CED5C00B9F52C /* Vector2D.swift */ = {isa = PBXFileReference; fileEncoding = 4; lastKnownFileType = sourcecode.swift; path = Vector2D.swift; sourceTree = "<group>"; };
		7565AF11261CED6400B9F52C /* ConfettiSequinDriver.swift */ = {isa = PBXFileReference; fileEncoding = 4; lastKnownFileType = sourcecode.swift; path = ConfettiSequinDriver.swift; sourceTree = "<group>"; };
		75946C06261E147200238414 /* LoadingView.swift */ = {isa = PBXFileReference; lastKnownFileType = sourcecode.swift; path = LoadingView.swift; sourceTree = "<group>"; };
		75946C0A261E2ED300238414 /* Sequins.swift */ = {isa = PBXFileReference; lastKnownFileType = sourcecode.swift; path = Sequins.swift; sourceTree = "<group>"; };
		75A95EF1261E30A80055844C /* Particle.swift */ = {isa = PBXFileReference; lastKnownFileType = sourcecode.swift; path = Particle.swift; sourceTree = "<group>"; };
		75A95EF4261E32600055844C /* SequinView.swift */ = {isa = PBXFileReference; lastKnownFileType = sourcecode.swift; path = SequinView.swift; sourceTree = "<group>"; };
/* End PBXFileReference section */

/* Begin PBXFrameworksBuildPhase section */
		7565AEE0261CBFD900B9F52C /* Frameworks */ = {
			isa = PBXFrameworksBuildPhase;
			buildActionMask = 2147483647;
			files = (
			);
			runOnlyForDeploymentPostprocessing = 0;
		};
/* End PBXFrameworksBuildPhase section */

/* Begin PBXGroup section */
		7565AEDA261CBFD900B9F52C = {
			isa = PBXGroup;
			children = (
				7565AEE5261CBFD900B9F52C /* Checkout */,
				7565AEE4261CBFD900B9F52C /* Products */,
			);
			sourceTree = "<group>";
		};
		7565AEE4261CBFD900B9F52C /* Products */ = {
			isa = PBXGroup;
			children = (
				7565AEE3261CBFD900B9F52C /* Checkout.app */,
			);
			name = Products;
			sourceTree = "<group>";
		};
		7565AEE5261CBFD900B9F52C /* Checkout */ = {
			isa = PBXGroup;
			children = (
				7565AF0D261CED4F00B9F52C /* Helpers */,
				7565AF03261CEC8500B9F52C /* ConfettiSequins */,
				7565AEF6261CE67800B9F52C /* Fonts */,
				7565AEE6261CBFD900B9F52C /* CheckoutApp.swift */,
				7565AEE8261CBFD900B9F52C /* ContentView.swift */,
				7565AEEA261CBFDB00B9F52C /* Assets.xcassets */,
				7565AEEF261CBFDB00B9F52C /* Info.plist */,
				7565AEEC261CBFDB00B9F52C /* Preview Content */,
				752EB21A261E000C004A58AF /* CheckoutViewModel.swift */,
				75946C06261E147200238414 /* LoadingView.swift */,
			);
			path = Checkout;
			sourceTree = "<group>";
		};
		7565AEEC261CBFDB00B9F52C /* Preview Content */ = {
			isa = PBXGroup;
			children = (
				7565AEED261CBFDB00B9F52C /* Preview Assets.xcassets */,
			);
			path = "Preview Content";
			sourceTree = "<group>";
		};
		7565AEF6261CE67800B9F52C /* Fonts */ = {
			isa = PBXGroup;
			children = (
				7565AF00261CE76900B9F52C /* Gilroy-Medium.otf */,
				7565AEFD261CE73400B9F52C /* Gilroy-Bold.otf */,
				7565AEF7261CE68F00B9F52C /* Gilroy-Regular.otf */,
				7565AEFA261CE71400B9F52C /* Gilroy-SemiBold.otf */,
			);
			path = Fonts;
			sourceTree = "<group>";
		};
		7565AF03261CEC8500B9F52C /* ConfettiSequins */ = {
			isa = PBXGroup;
			children = (
				7565AF11261CED6400B9F52C /* ConfettiSequinDriver.swift */,
				7565AF04261CECB100B9F52C /* Confetti.swift */,
				7565AF07261CECC100B9F52C /* ConfettiColors.swift */,
				7565AF0A261CED1E00B9F52C /* ConfettiView.swift */,
				75946C0A261E2ED300238414 /* Sequins.swift */,
				75A95EF1261E30A80055844C /* Particle.swift */,
				75A95EF4261E32600055844C /* SequinView.swift */,
			);
			path = ConfettiSequins;
			sourceTree = "<group>";
		};
		7565AF0D261CED4F00B9F52C /* Helpers */ = {
			isa = PBXGroup;
			children = (
				7565AF0E261CED5C00B9F52C /* Vector2D.swift */,
			);
			path = Helpers;
			sourceTree = "<group>";
		};
/* End PBXGroup section */

/* Begin PBXNativeTarget section */
		7565AEE2261CBFD900B9F52C /* Checkout */ = {
			isa = PBXNativeTarget;
			buildConfigurationList = 7565AEF2261CBFDB00B9F52C /* Build configuration list for PBXNativeTarget "Checkout" */;
			buildPhases = (
				7565AEDF261CBFD900B9F52C /* Sources */,
				7565AEE0261CBFD900B9F52C /* Frameworks */,
				7565AEE1261CBFD900B9F52C /* Resources */,
			);
			buildRules = (
			);
			dependencies = (
			);
			name = Checkout;
			productName = Checkout;
			productReference = 7565AEE3261CBFD900B9F52C /* Checkout.app */;
			productType = "com.apple.product-type.application";
		};
/* End PBXNativeTarget section */

/* Begin PBXProject section */
		7565AEDB261CBFD900B9F52C /* Project object */ = {
			isa = PBXProject;
			attributes = {
				LastSwiftUpdateCheck = 1240;
				LastUpgradeCheck = 1240;
				TargetAttributes = {
					7565AEE2261CBFD900B9F52C = {
						CreatedOnToolsVersion = 12.4;
					};
				};
			};
			buildConfigurationList = 7565AEDE261CBFD900B9F52C /* Build configuration list for PBXProject "Checkout" */;
			compatibilityVersion = "Xcode 9.3";
			developmentRegion = en;
			hasScannedForEncodings = 0;
			knownRegions = (
				en,
				Base,
			);
			mainGroup = 7565AEDA261CBFD900B9F52C;
			productRefGroup = 7565AEE4261CBFD900B9F52C /* Products */;
			projectDirPath = "";
			projectRoot = "";
			targets = (
				7565AEE2261CBFD900B9F52C /* Checkout */,
			);
		};
/* End PBXProject section */

/* Begin PBXResourcesBuildPhase section */
		7565AEE1261CBFD900B9F52C /* Resources */ = {
			isa = PBXResourcesBuildPhase;
			buildActionMask = 2147483647;
			files = (
				7565AEFB261CE71400B9F52C /* Gilroy-SemiBold.otf in Resources */,
				7565AEF8261CE68F00B9F52C /* Gilroy-Regular.otf in Resources */,
				7565AEFE261CE73400B9F52C /* Gilroy-Bold.otf in Resources */,
				7565AEEE261CBFDB00B9F52C /* Preview Assets.xcassets in Resources */,
				7565AF01261CE76900B9F52C /* Gilroy-Medium.otf in Resources */,
				7565AEEB261CBFDB00B9F52C /* Assets.xcassets in Resources */,
			);
			runOnlyForDeploymentPostprocessing = 0;
		};
/* End PBXResourcesBuildPhase section */

/* Begin PBXSourcesBuildPhase section */
		7565AEDF261CBFD900B9F52C /* Sources */ = {
			isa = PBXSourcesBuildPhase;
			buildActionMask = 2147483647;
			files = (
				7565AF12261CED6400B9F52C /* ConfettiSequinDriver.swift in Sources */,
				7565AEE9261CBFD900B9F52C /* ContentView.swift in Sources */,
				7565AF08261CECC100B9F52C /* ConfettiColors.swift in Sources */,
				7565AF05261CECB100B9F52C /* Confetti.swift in Sources */,
				752EB21B261E000C004A58AF /* CheckoutViewModel.swift in Sources */,
				75A95EF2261E30A80055844C /* Particle.swift in Sources */,
				7565AF0B261CED1E00B9F52C /* ConfettiView.swift in Sources */,
				75A95EF5261E32600055844C /* SequinView.swift in Sources */,
				7565AF0F261CED5C00B9F52C /* Vector2D.swift in Sources */,
				7565AEE7261CBFD900B9F52C /* CheckoutApp.swift in Sources */,
				75946C0B261E2ED300238414 /* Sequins.swift in Sources */,
				75946C07261E147200238414 /* LoadingView.swift in Sources */,
			);
			runOnlyForDeploymentPostprocessing = 0;
		};
/* End PBXSourcesBuildPhase section */

/* Begin XCBuildConfiguration section */
		7565AEF0261CBFDB00B9F52C /* Debug */ = {
			isa = XCBuildConfiguration;
			buildSettings = {
				ALWAYS_SEARCH_USER_PATHS = NO;
				CLANG_ANALYZER_NONNULL = YES;
				CLANG_ANALYZER_NUMBER_OBJECT_CONVERSION = YES_AGGRESSIVE;
				CLANG_CXX_LANGUAGE_STANDARD = "gnu++14";
				CLANG_CXX_LIBRARY = "libc++";
				CLANG_ENABLE_MODULES = YES;
				CLANG_ENABLE_OBJC_ARC = YES;
				CLANG_ENABLE_OBJC_WEAK = YES;
				CLANG_WARN_BLOCK_CAPTURE_AUTORELEASING = YES;
				CLANG_WARN_BOOL_CONVERSION = YES;
				CLANG_WARN_COMMA = YES;
				CLANG_WARN_CONSTANT_CONVERSION = YES;
				CLANG_WARN_DEPRECATED_OBJC_IMPLEMENTATIONS = YES;
				CLANG_WARN_DIRECT_OBJC_ISA_USAGE = YES_ERROR;
				CLANG_WARN_DOCUMENTATION_COMMENTS = YES;
				CLANG_WARN_EMPTY_BODY = YES;
				CLANG_WARN_ENUM_CONVERSION = YES;
				CLANG_WARN_INFINITE_RECURSION = YES;
				CLANG_WARN_INT_CONVERSION = YES;
				CLANG_WARN_NON_LITERAL_NULL_CONVERSION = YES;
				CLANG_WARN_OBJC_IMPLICIT_RETAIN_SELF = YES;
				CLANG_WARN_OBJC_LITERAL_CONVERSION = YES;
				CLANG_WARN_OBJC_ROOT_CLASS = YES_ERROR;
				CLANG_WARN_QUOTED_INCLUDE_IN_FRAMEWORK_HEADER = YES;
				CLANG_WARN_RANGE_LOOP_ANALYSIS = YES;
				CLANG_WARN_STRICT_PROTOTYPES = YES;
				CLANG_WARN_SUSPICIOUS_MOVE = YES;
				CLANG_WARN_UNGUARDED_AVAILABILITY = YES_AGGRESSIVE;
				CLANG_WARN_UNREACHABLE_CODE = YES;
				CLANG_WARN__DUPLICATE_METHOD_MATCH = YES;
				COPY_PHASE_STRIP = NO;
				DEBUG_INFORMATION_FORMAT = dwarf;
				ENABLE_STRICT_OBJC_MSGSEND = YES;
				ENABLE_TESTABILITY = YES;
				GCC_C_LANGUAGE_STANDARD = gnu11;
				GCC_DYNAMIC_NO_PIC = NO;
				GCC_NO_COMMON_BLOCKS = YES;
				GCC_OPTIMIZATION_LEVEL = 0;
				GCC_PREPROCESSOR_DEFINITIONS = (
					"DEBUG=1",
					"$(inherited)",
				);
				GCC_WARN_64_TO_32_BIT_CONVERSION = YES;
				GCC_WARN_ABOUT_RETURN_TYPE = YES_ERROR;
				GCC_WARN_UNDECLARED_SELECTOR = YES;
				GCC_WARN_UNINITIALIZED_AUTOS = YES_AGGRESSIVE;
				GCC_WARN_UNUSED_FUNCTION = YES;
				GCC_WARN_UNUSED_VARIABLE = YES;
				IPHONEOS_DEPLOYMENT_TARGET = 14.4;
				MTL_ENABLE_DEBUG_INFO = INCLUDE_SOURCE;
				MTL_FAST_MATH = YES;
				ONLY_ACTIVE_ARCH = YES;
				SDKROOT = iphoneos;
				SWIFT_ACTIVE_COMPILATION_CONDITIONS = DEBUG;
				SWIFT_OPTIMIZATION_LEVEL = "-Onone";
			};
			name = Debug;
		};
		7565AEF1261CBFDB00B9F52C /* Release */ = {
			isa = XCBuildConfiguration;
			buildSettings = {
				ALWAYS_SEARCH_USER_PATHS = NO;
				CLANG_ANALYZER_NONNULL = YES;
				CLANG_ANALYZER_NUMBER_OBJECT_CONVERSION = YES_AGGRESSIVE;
				CLANG_CXX_LANGUAGE_STANDARD = "gnu++14";
				CLANG_CXX_LIBRARY = "libc++";
				CLANG_ENABLE_MODULES = YES;
				CLANG_ENABLE_OBJC_ARC = YES;
				CLANG_ENABLE_OBJC_WEAK = YES;
				CLANG_WARN_BLOCK_CAPTURE_AUTORELEASING = YES;
				CLANG_WARN_BOOL_CONVERSION = YES;
				CLANG_WARN_COMMA = YES;
				CLANG_WARN_CONSTANT_CONVERSION = YES;
				CLANG_WARN_DEPRECATED_OBJC_IMPLEMENTATIONS = YES;
				CLANG_WARN_DIRECT_OBJC_ISA_USAGE = YES_ERROR;
				CLANG_WARN_DOCUMENTATION_COMMENTS = YES;
				CLANG_WARN_EMPTY_BODY = YES;
				CLANG_WARN_ENUM_CONVERSION = YES;
				CLANG_WARN_INFINITE_RECURSION = YES;
				CLANG_WARN_INT_CONVERSION = YES;
				CLANG_WARN_NON_LITERAL_NULL_CONVERSION = YES;
				CLANG_WARN_OBJC_IMPLICIT_RETAIN_SELF = YES;
				CLANG_WARN_OBJC_LITERAL_CONVERSION = YES;
				CLANG_WARN_OBJC_ROOT_CLASS = YES_ERROR;
				CLANG_WARN_QUOTED_INCLUDE_IN_FRAMEWORK_HEADER = YES;
				CLANG_WARN_RANGE_LOOP_ANALYSIS = YES;
				CLANG_WARN_STRICT_PROTOTYPES = YES;
				CLANG_WARN_SUSPICIOUS_MOVE = YES;
				CLANG_WARN_UNGUARDED_AVAILABILITY = YES_AGGRESSIVE;
				CLANG_WARN_UNREACHABLE_CODE = YES;
				CLANG_WARN__DUPLICATE_METHOD_MATCH = YES;
				COPY_PHASE_STRIP = NO;
				DEBUG_INFORMATION_FORMAT = "dwarf-with-dsym";
				ENABLE_NS_ASSERTIONS = NO;
				ENABLE_STRICT_OBJC_MSGSEND = YES;
				GCC_C_LANGUAGE_STANDARD = gnu11;
				GCC_NO_COMMON_BLOCKS = YES;
				GCC_WARN_64_TO_32_BIT_CONVERSION = YES;
				GCC_WARN_ABOUT_RETURN_TYPE = YES_ERROR;
				GCC_WARN_UNDECLARED_SELECTOR = YES;
				GCC_WARN_UNINITIALIZED_AUTOS = YES_AGGRESSIVE;
				GCC_WARN_UNUSED_FUNCTION = YES;
				GCC_WARN_UNUSED_VARIABLE = YES;
				IPHONEOS_DEPLOYMENT_TARGET = 14.4;
				MTL_ENABLE_DEBUG_INFO = NO;
				MTL_FAST_MATH = YES;
				SDKROOT = iphoneos;
				SWIFT_COMPILATION_MODE = wholemodule;
				SWIFT_OPTIMIZATION_LEVEL = "-O";
				VALIDATE_PRODUCT = YES;
			};
			name = Release;
		};
		7565AEF3261CBFDB00B9F52C /* Debug */ = {
			isa = XCBuildConfiguration;
			buildSettings = {
				ASSETCATALOG_COMPILER_APPICON_NAME = AppIcon;
				ASSETCATALOG_COMPILER_GLOBAL_ACCENT_COLOR_NAME = AccentColor;
				CODE_SIGN_STYLE = Automatic;
				DEVELOPMENT_ASSET_PATHS = "\"Checkout/Preview Content\"";
				DEVELOPMENT_TEAM = Z43AQF953J;
				ENABLE_PREVIEWS = YES;
				INFOPLIST_FILE = Checkout/Info.plist;
				IPHONEOS_DEPLOYMENT_TARGET = 14.0;
				LD_RUNPATH_SEARCH_PATHS = (
					"$(inherited)",
					"@executable_path/Frameworks",
				);
				PRODUCT_BUNDLE_IDENTIFIER = com.waseem.Checkout;
				PRODUCT_NAME = "$(TARGET_NAME)";
				SWIFT_VERSION = 5.0;
				TARGETED_DEVICE_FAMILY = "1,2";
			};
			name = Debug;
		};
		7565AEF4261CBFDB00B9F52C /* Release */ = {
			isa = XCBuildConfiguration;
			buildSettings = {
				ASSETCATALOG_COMPILER_APPICON_NAME = AppIcon;
				ASSETCATALOG_COMPILER_GLOBAL_ACCENT_COLOR_NAME = AccentColor;
				CODE_SIGN_STYLE = Automatic;
				DEVELOPMENT_ASSET_PATHS = "\"Checkout/Preview Content\"";
				DEVELOPMENT_TEAM = Z43AQF953J;
				ENABLE_PREVIEWS = YES;
				INFOPLIST_FILE = Checkout/Info.plist;
				IPHONEOS_DEPLOYMENT_TARGET = 14.0;
				LD_RUNPATH_SEARCH_PATHS = (
					"$(inherited)",
					"@executable_path/Frameworks",
				);
				PRODUCT_BUNDLE_IDENTIFIER = com.waseem.Checkout;
				PRODUCT_NAME = "$(TARGET_NAME)";
				SWIFT_VERSION = 5.0;
				TARGETED_DEVICE_FAMILY = "1,2";
			};
			name = Release;
		};
/* End XCBuildConfiguration section */

/* Begin XCConfigurationList section */
		7565AEDE261CBFD900B9F52C /* Build configuration list for PBXProject "Checkout" */ = {
			isa = XCConfigurationList;
			buildConfigurations = (
				7565AEF0261CBFDB00B9F52C /* Debug */,
				7565AEF1261CBFDB00B9F52C /* Release */,
			);
			defaultConfigurationIsVisible = 0;
			defaultConfigurationName = Release;
		};
		7565AEF2261CBFDB00B9F52C /* Build configuration list for PBXNativeTarget "Checkout" */ = {
			isa = XCConfigurationList;
			buildConfigurations = (
				7565AEF3261CBFDB00B9F52C /* Debug */,
				7565AEF4261CBFDB00B9F52C /* Release */,
			);
			defaultConfigurationIsVisible = 0;
			defaultConfigurationName = Release;
		};
/* End XCConfigurationList section */
	};
	rootObject = 7565AEDB261CBFD900B9F52C /* Project object */;
}
